
Microsoft Visual Studio Solution File, Format Version 12.00
# Visual Studio Version 16
VisualStudioVersion = 16.0.31402.337
MinimumVisualStudioVersion = 10.0.40219.1
Project("{FAE04EC0-301F-11D3-BF4B-00C04F79EFBC}") = "tareas", "tareas\tareas.csproj", "{BB799BA2-2C55-419F-ACF7-9FA062A226ED}"
EndProject
Global
	GlobalSection(SolutionConfigurationPlatforms) = preSolution
		Debug|Any CPU = Debug|Any CPU
		Release|Any CPU = Release|Any CPU
	EndGlobalSection
	GlobalSection(ProjectConfigurationPlatforms) = postSolution
		{BB799BA2-2C55-419F-ACF7-9FA062A226ED}.Debug|Any CPU.ActiveCfg = Debug|Any CPU
		{BB799BA2-2C55-419F-ACF7-9FA062A226ED}.Debug|Any CPU.Build.0 = Debug|Any CPU
		{BB799BA2-2C55-419F-ACF7-9FA062A226ED}.Release|Any CPU.ActiveCfg = Release|Any CPU
		{BB799BA2-2C55-419F-ACF7-9FA062A226ED}.Release|Any CPU.Build.0 = Release|Any CPU
	EndGlobalSection
	GlobalSection(SolutionProperties) = preSolution
		HideSolutionNode = FALSE
	EndGlobalSection
	GlobalSection(ExtensibilityGlobals) = postSolution
		SolutionGuid = {E8EA32A9-444F-4A89-97E9-99F171C37FB5}
	EndGlobalSection
EndGlobal
